
Microsoft Visual Studio Solution File, Format Version 12.00
# Visual Studio Version 17
VisualStudioVersion = 17.0.32112.339
MinimumVisualStudioVersion = 10.0.40219.1
Project("{8BC9CEB8-8B4A-11D0-8D11-00A0C91BC942}") = "OrigProject", "OrigProject\OrigProject.vcxproj", "{54CA67F0-478D-4BBE-B087-C57BD2A0677C}"
EndProject
Project("{8BC9CEB8-8B4A-11D0-8D11-00A0C91BC942}") = "LoadProject", "LoadProject\LoadProject.vcxproj", "{A807D626-8647-4316-BCF8-3397EDC91D2E}"
EndProject
Project("{8BC9CEB8-8B4A-11D0-8D11-00A0C91BC942}") = "Project1", "Project1\Project1.vcxproj", "{EA775475-4B84-4D52-AC3E-43A4F2D16B30}"
EndProject
Global
	GlobalSection(SolutionConfigurationPlatforms) = preSolution
		Debug|x64 = Debug|x64
		Debug|x86 = Debug|x86
		Release|x64 = Release|x64
		Release|x86 = Release|x86
	EndGlobalSection
	GlobalSection(ProjectConfigurationPlatforms) = postSolution
		{54CA67F0-478D-4BBE-B087-C57BD2A0677C}.Debug|x64.ActiveCfg = Debug|x64
		{54CA67F0-478D-4BBE-B087-C57BD2A0677C}.Debug|x64.Build.0 = Debug|x64
		{54CA67F0-478D-4BBE-B087-C57BD2A0677C}.Debug|x86.ActiveCfg = Debug|Win32
		{54CA67F0-478D-4BBE-B087-C57BD2A0677C}.Debug|x86.Build.0 = Debug|Win32
		{54CA67F0-478D-4BBE-B087-C57BD2A0677C}.Release|x64.ActiveCfg = Release|x64
		{54CA67F0-478D-4BBE-B087-C57BD2A0677C}.Release|x64.Build.0 = Release|x64
		{54CA67F0-478D-4BBE-B087-C57BD2A0677C}.Release|x86.ActiveCfg = Release|Win32
		{54CA67F0-478D-4BBE-B087-C57BD2A0677C}.Release|x86.Build.0 = Release|Win32
		{A807D626-8647-4316-BCF8-3397EDC91D2E}.Debug|x64.ActiveCfg = Debug|x64
		{A807D626-8647-4316-BCF8-3397EDC91D2E}.Debug|x64.Build.0 = Debug|x64
		{A807D626-8647-4316-BCF8-3397EDC91D2E}.Debug|x86.ActiveCfg = Debug|Win32
		{A807D626-8647-4316-BCF8-3397EDC91D2E}.Debug|x86.Build.0 = Debug|Win32
		{A807D626-8647-4316-BCF8-3397EDC91D2E}.Release|x64.ActiveCfg = Release|x64
		{A807D626-8647-4316-BCF8-3397EDC91D2E}.Release|x64.Build.0 = Release|x64
		{A807D626-8647-4316-BCF8-3397EDC91D2E}.Release|x86.ActiveCfg = Release|Win32
		{A807D626-8647-4316-BCF8-3397EDC91D2E}.Release|x86.Build.0 = Release|Win32
		{EA775475-4B84-4D52-AC3E-43A4F2D16B30}.Debug|x64.ActiveCfg = Debug|x64
		{EA775475-4B84-4D52-AC3E-43A4F2D16B30}.Debug|x64.Build.0 = Debug|x64
		{EA775475-4B84-4D52-AC3E-43A4F2D16B30}.Debug|x86.ActiveCfg = Debug|Win32
		{EA775475-4B84-4D52-AC3E-43A4F2D16B30}.Debug|x86.Build.0 = Debug|Win32
		{EA775475-4B84-4D52-AC3E-43A4F2D16B30}.Release|x64.ActiveCfg = Release|x64
		{EA775475-4B84-4D52-AC3E-43A4F2D16B30}.Release|x64.Build.0 = Release|x64
		{EA775475-4B84-4D52-AC3E-43A4F2D16B30}.Release|x86.ActiveCfg = Release|Win32
		{EA775475-4B84-4D52-AC3E-43A4F2D16B30}.Release|x86.Build.0 = Release|Win32
	EndGlobalSection
	GlobalSection(SolutionProperties) = preSolution
		HideSolutionNode = FALSE
	EndGlobalSection
	GlobalSection(ExtensibilityGlobals) = postSolution
		SolutionGuid = {F833137C-0A3C-47FE-9B6F-36C92662CA1E}
	EndGlobalSection
EndGlobal
