
Microsoft Visual Studio Solution File, Format Version 12.00
# Visual Studio Version 17
VisualStudioVersion = 17.0.32112.339
MinimumVisualStudioVersion = 10.0.40219.1
Project("{8BC9CEB8-8B4A-11D0-8D11-00A0C91BC942}") = "03.type_casting", "03.type_casting.vcxproj", "{90D3701F-530A-42B7-B231-70803261E452}"
EndProject
Global
	GlobalSection(SolutionConfigurationPlatforms) = preSolution
		Debug|x64 = Debug|x64
		Debug|x86 = Debug|x86
		Release|x64 = Release|x64
		Release|x86 = Release|x86
	EndGlobalSection
	GlobalSection(ProjectConfigurationPlatforms) = postSolution
		{90D3701F-530A-42B7-B231-70803261E452}.Debug|x64.ActiveCfg = Debug|x64
		{90D3701F-530A-42B7-B231-70803261E452}.Debug|x64.Build.0 = Debug|x64
		{90D3701F-530A-42B7-B231-70803261E452}.Debug|x86.ActiveCfg = Debug|Win32
		{90D3701F-530A-42B7-B231-70803261E452}.Debug|x86.Build.0 = Debug|Win32
		{90D3701F-530A-42B7-B231-70803261E452}.Release|x64.ActiveCfg = Release|x64
		{90D3701F-530A-42B7-B231-70803261E452}.Release|x64.Build.0 = Release|x64
		{90D3701F-530A-42B7-B231-70803261E452}.Release|x86.ActiveCfg = Release|Win32
		{90D3701F-530A-42B7-B231-70803261E452}.Release|x86.Build.0 = Release|Win32
	EndGlobalSection
	GlobalSection(SolutionProperties) = preSolution
		HideSolutionNode = FALSE
	EndGlobalSection
	GlobalSection(ExtensibilityGlobals) = postSolution
		SolutionGuid = {1C1E217D-8A96-4E0C-9589-D2E672876A78}
	EndGlobalSection
EndGlobal
